PODS:
  - Flutter (1.0.0)
  - Mindbox (2.13.0):
    - MindboxLogger (= 2.13.0)
  - mindbox_ios (2.13.0):
    - Flutter
    - Mindbox (= 2.13.0)
    - MindboxNotifications (= 2.13.0)
  - MindboxLogger (2.13.0)
  - MindboxNotifications (2.13.0):
    - MindboxLogger (= 2.13.0)
  - permission_handler_apple (9.3.0):
    - Flutter
  - shared_preference_app_group (1.0.0):
    - Flutter
  - shared_preferences_foundation (0.0.1):
    - Flutter
    - FlutterMacOS
  - url_launcher_ios (0.0.1):
    - Flutter

DEPENDENCIES:
  - Flutter (from `Flutter`)
  - Mindbox
  - mindbox_ios (from `.symlinks/plugins/mindbox_ios/ios`)
  - MindboxNotifications
  - permission_handler_apple (from `.symlinks/plugins/permission_handler_apple/ios`)
  - shared_preference_app_group (from `.symlinks/plugins/shared_preference_app_group/ios`)
  - shared_preferences_foundation (from `.symlinks/plugins/shared_preferences_foundation/darwin`)
  - url_launcher_ios (from `.symlinks/plugins/url_launcher_ios/ios`)

SPEC REPOS:
  trunk:
    - Mindbox
    - MindboxLogger
    - MindboxNotifications

EXTERNAL SOURCES:
  Flutter:
    :path: Flutter
  mindbox_ios:
    :path: ".symlinks/plugins/mindbox_ios/ios"
  permission_handler_apple:
    :path: ".symlinks/plugins/permission_handler_apple/ios"
  shared_preference_app_group:
    :path: ".symlinks/plugins/shared_preference_app_group/ios"
  shared_preferences_foundation:
    :path: ".symlinks/plugins/shared_preferences_foundation/darwin"
  url_launcher_ios:
    :path: ".symlinks/plugins/url_launcher_ios/ios"

SPEC CHECKSUMS:
  Flutter: e0871f40cf51350855a761d2e70bf5af5b9b5de7
  Mindbox: 3a79f2717a61bd696429a557b002d70717c0cdd0
  mindbox_ios: 7a3d75371ebcb8e4c5669dc922d2789b16377ec5
  MindboxLogger: 04033518262476ee4de2985fdf8f53a6aeeb54c1
  MindboxNotifications: d3f1dfd861fae59016c5612cb0f4152470fd7de5
  permission_handler_apple: 4ed2196e43d0651e8ff7ca3483a069d469701f2d
  shared_preference_app_group: 7422922a188e05cf680a656e18e2786dcb5c58b3
  shared_preferences_foundation: 9e1978ff2562383bd5676f64ec4e9aa8fa06a6f7
  url_launcher_ios: 694010445543906933d732453a59da0a173ae33d

PODFILE CHECKSUM: c1e7390b8e8a02d0212832585f97482bd763c95e

COCOAPODS: 1.16.2
